// !$*UTF8*$!
{
	archiveVersion = 1;
	classes = {
	};
	objectVersion = 46;
	objects = {

/* Begin PBXBuildFile section */
		0426CE4D1B03491000B465B3 /* ContainerViewController.m in Sources */ = {isa = PBXBuildFile; fileRef = 0426CE4C1B03491000B465B3 /* ContainerViewController.m */; };
		0426CE501B034C0600B465B3 /* Empty.m in Sources */ = {isa = PBXBuildFile; fileRef = 0426CE4F1B034C0600B465B3 /* Empty.m */; };
		930354A51B00BE40001B7EA2 /* main.m in Sources */ = {isa = PBXBuildFile; fileRef = 930354A41B00BE40001B7EA2 /* main.m */; };
		930354A81B00BE40001B7EA2 /* AppDelegate.m in Sources */ = {isa = PBXBuildFile; fileRef = 930354A71B00BE40001B7EA2 /* AppDelegate.m */; };
		930354AB1B00BE40001B7EA2 /* ViewController.m in Sources */ = {isa = PBXBuildFile; fileRef = 930354AA1B00BE40001B7EA2 /* ViewController.m */; };
		930354AE1B00BE40001B7EA2 /* Main.storyboard in Resources */ = {isa = PBXBuildFile; fileRef = 930354AC1B00BE40001B7EA2 /* Main.storyboard */; };
		930354B01B00BE40001B7EA2 /* Images.xcassets in Resources */ = {isa = PBXBuildFile; fileRef = 930354AF1B00BE40001B7EA2 /* Images.xcassets */; };
		930354B31B00BE40001B7EA2 /* LaunchScreen.xib in Resources */ = {isa = PBXBuildFile; fileRef = 930354B11B00BE40001B7EA2 /* LaunchScreen.xib */; };
		930354BF1B00BE40001B7EA2 /* WhichitTests.m in Sources */ = {isa = PBXBuildFile; fileRef = 930354BE1B00BE40001B7EA2 /* WhichitTests.m */; };
		930354CA1B00C5E6001B7EA2 /* ImagesTableViewController.m in Sources */ = {isa = PBXBuildFile; fileRef = 930354C91B00C5E6001B7EA2 /* ImagesTableViewController.m */; };
		930354CD1B00C600001B7EA2 /* ImagesCollectionViewController.m in Sources */ = {isa = PBXBuildFile; fileRef = 930354CC1B00C600001B7EA2 /* ImagesCollectionViewController.m */; };
		930354D41B00C7A4001B7EA2 /* JSONReader.m in Sources */ = {isa = PBXBuildFile; fileRef = 930354D31B00C7A4001B7EA2 /* JSONReader.m */; };
		930354D81B00CA1F001B7EA2 /* Image.m in Sources */ = {isa = PBXBuildFile; fileRef = 930354D71B00CA1F001B7EA2 /* Image.m */; };
		930354DB1B00CA84001B7EA2 /* DataFactory.m in Sources */ = {isa = PBXBuildFile; fileRef = 930354DA1B00CA84001B7EA2 /* DataFactory.m */; };
		930354E11B00CEAE001B7EA2 /* Caption.m in Sources */ = {isa = PBXBuildFile; fileRef = 930354E01B00CEAE001B7EA2 /* Caption.m */; };
		930354E41B00CEBD001B7EA2 /* Comment.m in Sources */ = {isa = PBXBuildFile; fileRef = 930354E31B00CEBD001B7EA2 /* Comment.m */; };
		930354E71B00D3BD001B7EA2 /* User.m in Sources */ = {isa = PBXBuildFile; fileRef = 930354E61B00D3BD001B7EA2 /* User.m */; };
		930354EA1B011670001B7EA2 /* ImageRepository.m in Sources */ = {isa = PBXBuildFile; fileRef = 930354E91B011670001B7EA2 /* ImageRepository.m */; };
/* End PBXBuildFile section */

/* Begin PBXContainerItemProxy section */
		930354B91B00BE40001B7EA2 /* PBXContainerItemProxy */ = {
			isa = PBXContainerItemProxy;
			containerPortal = 930354971B00BE40001B7EA2 /* Project object */;
			proxyType = 1;
			remoteGlobalIDString = 9303549E1B00BE40001B7EA2;
			remoteInfo = Whichit;
		};
/* End PBXContainerItemProxy section */

/* Begin PBXFileReference section */
		0426CE4B1B03491000B465B3 /* ContainerViewController.h */ = {isa = PBXFileReference; fileEncoding = 4; lastKnownFileType = sourcecode.c.h; path = ContainerViewController.h; sourceTree = "<group>"; };
		0426CE4C1B03491000B465B3 /* ContainerViewController.m */ = {isa = PBXFileReference; fileEncoding = 4; lastKnownFileType = sourcecode.c.objc; path = ContainerViewController.m; sourceTree = "<group>"; };
		0426CE4E1B034C0600B465B3 /* Empty.h */ = {isa = PBXFileReference; fileEncoding = 4; lastKnownFileType = sourcecode.c.h; path = Empty.h; sourceTree = "<group>"; };
		0426CE4F1B034C0600B465B3 /* Empty.m */ = {isa = PBXFileReference; fileEncoding = 4; lastKnownFileType = sourcecode.c.objc; path = Empty.m; sourceTree = "<group>"; };
		9303549F1B00BE40001B7EA2 /* Whichit.app */ = {isa = PBXFileReference; explicitFileType = wrapper.application; includeInIndex = 0; path = Whichit.app; sourceTree = BUILT_PRODUCTS_DIR; };
		930354A31B00BE40001B7EA2 /* Info.plist */ = {isa = PBXFileReference; lastKnownFileType = text.plist.xml; path = Info.plist; sourceTree = "<group>"; };
		930354A41B00BE40001B7EA2 /* main.m */ = {isa = PBXFileReference; lastKnownFileType = sourcecode.c.objc; path = main.m; sourceTree = "<group>"; };
		930354A61B00BE40001B7EA2 /* AppDelegate.h */ = {isa = PBXFileReference; lastKnownFileType = sourcecode.c.h; path = AppDelegate.h; sourceTree = "<group>"; };
		930354A71B00BE40001B7EA2 /* AppDelegate.m */ = {isa = PBXFileReference; lastKnownFileType = sourcecode.c.objc; path = AppDelegate.m; sourceTree = "<group>"; };
		930354A91B00BE40001B7EA2 /* ViewController.h */ = {isa = PBXFileReference; lastKnownFileType = sourcecode.c.h; path = ViewController.h; sourceTree = "<group>"; };
		930354AA1B00BE40001B7EA2 /* ViewController.m */ = {isa = PBXFileReference; lastKnownFileType = sourcecode.c.objc; path = ViewController.m; sourceTree = "<group>"; };
		930354AD1B00BE40001B7EA2 /* Base */ = {isa = PBXFileReference; lastKnownFileType = file.storyboard; name = Base; path = Base.lproj/Main.storyboard; sourceTree = "<group>"; };
		930354AF1B00BE40001B7EA2 /* Images.xcassets */ = {isa = PBXFileReference; lastKnownFileType = folder.assetcatalog; path = Images.xcassets; sourceTree = "<group>"; };
		930354B21B00BE40001B7EA2 /* Base */ = {isa = PBXFileReference; lastKnownFileType = file.xib; name = Base; path = Base.lproj/LaunchScreen.xib; sourceTree = "<group>"; };
		930354B81B00BE40001B7EA2 /* WhichitTests.xctest */ = {isa = PBXFileReference; explicitFileType = wrapper.cfbundle; includeInIndex = 0; path = WhichitTests.xctest; sourceTree = BUILT_PRODUCTS_DIR; };
		930354BD1B00BE40001B7EA2 /* Info.plist */ = {isa = PBXFileReference; lastKnownFileType = text.plist.xml; path = Info.plist; sourceTree = "<group>"; };
		930354BE1B00BE40001B7EA2 /* WhichitTests.m */ = {isa = PBXFileReference; lastKnownFileType = sourcecode.c.objc; path = WhichitTests.m; sourceTree = "<group>"; };
		930354C81B00C5E6001B7EA2 /* ImagesTableViewController.h */ = {isa = PBXFileReference; fileEncoding = 4; lastKnownFileType = sourcecode.c.h; path = ImagesTableViewController.h; sourceTree = "<group>"; };
		930354C91B00C5E6001B7EA2 /* ImagesTableViewController.m */ = {isa = PBXFileReference; fileEncoding = 4; lastKnownFileType = sourcecode.c.objc; path = ImagesTableViewController.m; sourceTree = "<group>"; };
		930354CB1B00C600001B7EA2 /* ImagesCollectionViewController.h */ = {isa = PBXFileReference; fileEncoding = 4; lastKnownFileType = sourcecode.c.h; path = ImagesCollectionViewController.h; sourceTree = "<group>"; };
		930354CC1B00C600001B7EA2 /* ImagesCollectionViewController.m */ = {isa = PBXFileReference; fileEncoding = 4; lastKnownFileType = sourcecode.c.objc; path = ImagesCollectionViewController.m; sourceTree = "<group>"; };
		930354D21B00C7A4001B7EA2 /* JSONReader.h */ = {isa = PBXFileReference; fileEncoding = 4; lastKnownFileType = sourcecode.c.h; path = JSONReader.h; sourceTree = "<group>"; };
		930354D31B00C7A4001B7EA2 /* JSONReader.m */ = {isa = PBXFileReference; fileEncoding = 4; lastKnownFileType = sourcecode.c.objc; path = JSONReader.m; sourceTree = "<group>"; };
		930354D61B00CA1F001B7EA2 /* Image.h */ = {isa = PBXFileReference; fileEncoding = 4; lastKnownFileType = sourcecode.c.h; path = Image.h; sourceTree = "<group>"; };
		930354D71B00CA1F001B7EA2 /* Image.m */ = {isa = PBXFileReference; fileEncoding = 4; lastKnownFileType = sourcecode.c.objc; path = Image.m; sourceTree = "<group>"; };
		930354D91B00CA84001B7EA2 /* DataFactory.h */ = {isa = PBXFileReference; fileEncoding = 4; lastKnownFileType = sourcecode.c.h; path = DataFactory.h; sourceTree = "<group>"; };
		930354DA1B00CA84001B7EA2 /* DataFactory.m */ = {isa = PBXFileReference; fileEncoding = 4; lastKnownFileType = sourcecode.c.objc; path = DataFactory.m; sourceTree = "<group>"; };
		930354DF1B00CEAE001B7EA2 /* Caption.h */ = {isa = PBXFileReference; fileEncoding = 4; lastKnownFileType = sourcecode.c.h; path = Caption.h; sourceTree = "<group>"; };
		930354E01B00CEAE001B7EA2 /* Caption.m */ = {isa = PBXFileReference; fileEncoding = 4; lastKnownFileType = sourcecode.c.objc; path = Caption.m; sourceTree = "<group>"; };
		930354E21B00CEBD001B7EA2 /* Comment.h */ = {isa = PBXFileReference; fileEncoding = 4; lastKnownFileType = sourcecode.c.h; path = Comment.h; sourceTree = "<group>"; };
		930354E31B00CEBD001B7EA2 /* Comment.m */ = {isa = PBXFileReference; fileEncoding = 4; lastKnownFileType = sourcecode.c.objc; path = Comment.m; sourceTree = "<group>"; };
		930354E51B00D3BD001B7EA2 /* User.h */ = {isa = PBXFileReference; fileEncoding = 4; lastKnownFileType = sourcecode.c.h; path = User.h; sourceTree = "<group>"; };
		930354E61B00D3BD001B7EA2 /* User.m */ = {isa = PBXFileReference; fileEncoding = 4; lastKnownFileType = sourcecode.c.objc; path = User.m; sourceTree = "<group>"; };
		930354E81B011670001B7EA2 /* ImageRepository.h */ = {isa = PBXFileReference; fileEncoding = 4; lastKnownFileType = sourcecode.c.h; path = ImageRepository.h; sourceTree = "<group>"; };
		930354E91B011670001B7EA2 /* ImageRepository.m */ = {isa = PBXFileReference; fileEncoding = 4; lastKnownFileType = sourcecode.c.objc; path = ImageRepository.m; sourceTree = "<group>"; };
/* End PBXFileReference section */

/* Begin PBXFrameworksBuildPhase section */
		9303549C1B00BE40001B7EA2 /* Frameworks */ = {
			isa = PBXFrameworksBuildPhase;
			buildActionMask = 2147483647;
			files = (
			);
			runOnlyForDeploymentPostprocessing = 0;
		};
		930354B51B00BE40001B7EA2 /* Frameworks */ = {
			isa = PBXFrameworksBuildPhase;
			buildActionMask = 2147483647;
			files = (
			);
			runOnlyForDeploymentPostprocessing = 0;
		};
/* End PBXFrameworksBuildPhase section */

/* Begin PBXGroup section */
		0426CE4A1B0348BC00B465B3 /* Controllers */ = {
			isa = PBXGroup;
			children = (
				930354A91B00BE40001B7EA2 /* ViewController.h */,
				930354AA1B00BE40001B7EA2 /* ViewController.m */,
				930354C81B00C5E6001B7EA2 /* ImagesTableViewController.h */,
				930354C91B00C5E6001B7EA2 /* ImagesTableViewController.m */,
				930354CB1B00C600001B7EA2 /* ImagesCollectionViewController.h */,
				930354CC1B00C600001B7EA2 /* ImagesCollectionViewController.m */,
				0426CE4B1B03491000B465B3 /* ContainerViewController.h */,
				0426CE4C1B03491000B465B3 /* ContainerViewController.m */,
				0426CE4E1B034C0600B465B3 /* Empty.h */,
				0426CE4F1B034C0600B465B3 /* Empty.m */,
			);
			name = Controllers;
			sourceTree = "<group>";
		};
		930354961B00BE40001B7EA2 = {
			isa = PBXGroup;
			children = (
				930354A11B00BE40001B7EA2 /* Whichit */,
				930354BB1B00BE40001B7EA2 /* WhichitTests */,
				930354A01B00BE40001B7EA2 /* Products */,
			);
			sourceTree = "<group>";
		};
		930354A01B00BE40001B7EA2 /* Products */ = {
			isa = PBXGroup;
			children = (
				9303549F1B00BE40001B7EA2 /* Whichit.app */,
				930354B81B00BE40001B7EA2 /* WhichitTests.xctest */,
			);
			name = Products;
			sourceTree = "<group>";
		};
		930354A11B00BE40001B7EA2 /* Whichit */ = {
			isa = PBXGroup;
			children = (
				0426CE4A1B0348BC00B465B3 /* Controllers */,
				930354D51B00CA0C001B7EA2 /* Domain */,
				930354CE1B00C730001B7EA2 /* services */,
				930354A61B00BE40001B7EA2 /* AppDelegate.h */,
				930354A71B00BE40001B7EA2 /* AppDelegate.m */,
				930354AC1B00BE40001B7EA2 /* Main.storyboard */,
				930354AF1B00BE40001B7EA2 /* Images.xcassets */,
				930354B11B00BE40001B7EA2 /* LaunchScreen.xib */,
				930354A21B00BE40001B7EA2 /* Supporting Files */,
			);
			path = Whichit;
			sourceTree = "<group>";
		};
		930354A21B00BE40001B7EA2 /* Supporting Files */ = {
			isa = PBXGroup;
			children = (
				930354A31B00BE40001B7EA2 /* Info.plist */,
				930354A41B00BE40001B7EA2 /* main.m */,
			);
			name = "Supporting Files";
			sourceTree = "<group>";
		};
		930354BB1B00BE40001B7EA2 /* WhichitTests */ = {
			isa = PBXGroup;
			children = (
				930354BE1B00BE40001B7EA2 /* WhichitTests.m */,
				930354BC1B00BE40001B7EA2 /* Supporting Files */,
			);
			path = WhichitTests;
			sourceTree = "<group>";
		};
		930354BC1B00BE40001B7EA2 /* Supporting Files */ = {
			isa = PBXGroup;
			children = (
				930354BD1B00BE40001B7EA2 /* Info.plist */,
			);
			name = "Supporting Files";
			sourceTree = "<group>";
		};
		930354CE1B00C730001B7EA2 /* services */ = {
			isa = PBXGroup;
			children = (
				930354D21B00C7A4001B7EA2 /* JSONReader.h */,
				930354D31B00C7A4001B7EA2 /* JSONReader.m */,
			);
			name = services;
			sourceTree = "<group>";
		};
		930354D51B00CA0C001B7EA2 /* Domain */ = {
			isa = PBXGroup;
			children = (
				930354D61B00CA1F001B7EA2 /* Image.h */,
				930354D71B00CA1F001B7EA2 /* Image.m */,
				930354D91B00CA84001B7EA2 /* DataFactory.h */,
				930354DA1B00CA84001B7EA2 /* DataFactory.m */,
				930354DF1B00CEAE001B7EA2 /* Caption.h */,
				930354E01B00CEAE001B7EA2 /* Caption.m */,
				930354E21B00CEBD001B7EA2 /* Comment.h */,
				930354E31B00CEBD001B7EA2 /* Comment.m */,
				930354E51B00D3BD001B7EA2 /* User.h */,
				930354E61B00D3BD001B7EA2 /* User.m */,
				930354E81B011670001B7EA2 /* ImageRepository.h */,
				930354E91B011670001B7EA2 /* ImageRepository.m */,
			);
			name = Domain;
			sourceTree = "<group>";
		};
/* End PBXGroup section */

/* Begin PBXNativeTarget section */
		9303549E1B00BE40001B7EA2 /* Whichit */ = {
			isa = PBXNativeTarget;
			buildConfigurationList = 930354C21B00BE40001B7EA2 /* Build configuration list for PBXNativeTarget "Whichit" */;
			buildPhases = (
				9303549B1B00BE40001B7EA2 /* Sources */,
				9303549C1B00BE40001B7EA2 /* Frameworks */,
				9303549D1B00BE40001B7EA2 /* Resources */,
			);
			buildRules = (
			);
			dependencies = (
			);
			name = Whichit;
			productName = Whichit;
			productReference = 9303549F1B00BE40001B7EA2 /* Whichit.app */;
			productType = "com.apple.product-type.application";
		};
		930354B71B00BE40001B7EA2 /* WhichitTests */ = {
			isa = PBXNativeTarget;
			buildConfigurationList = 930354C51B00BE40001B7EA2 /* Build configuration list for PBXNativeTarget "WhichitTests" */;
			buildPhases = (
				930354B41B00BE40001B7EA2 /* Sources */,
				930354B51B00BE40001B7EA2 /* Frameworks */,
				930354B61B00BE40001B7EA2 /* Resources */,
			);
			buildRules = (
			);
			dependencies = (
				930354BA1B00BE40001B7EA2 /* PBXTargetDependency */,
			);
			name = WhichitTests;
			productName = WhichitTests;
			productReference = 930354B81B00BE40001B7EA2 /* WhichitTests.xctest */;
			productType = "com.apple.product-type.bundle.unit-test";
		};
/* End PBXNativeTarget section */

/* Begin PBXProject section */
		930354971B00BE40001B7EA2 /* Project object */ = {
			isa = PBXProject;
			attributes = {
				LastUpgradeCheck = 0630;
				ORGANIZATIONNAME = "Ana Nogal";
				TargetAttributes = {
					9303549E1B00BE40001B7EA2 = {
						CreatedOnToolsVersion = 6.3.1;
						DevelopmentTeam = HRNMPTNTDZ;
					};
					930354B71B00BE40001B7EA2 = {
						CreatedOnToolsVersion = 6.3.1;
						TestTargetID = 9303549E1B00BE40001B7EA2;
					};
				};
			};
			buildConfigurationList = 9303549A1B00BE40001B7EA2 /* Build configuration list for PBXProject "Whichit" */;
			compatibilityVersion = "Xcode 3.2";
			developmentRegion = English;
			hasScannedForEncodings = 0;
			knownRegions = (
				en,
				Base,
			);
			mainGroup = 930354961B00BE40001B7EA2;
			productRefGroup = 930354A01B00BE40001B7EA2 /* Products */;
			projectDirPath = "";
			projectRoot = "";
			targets = (
				9303549E1B00BE40001B7EA2 /* Whichit */,
				930354B71B00BE40001B7EA2 /* WhichitTests */,
			);
		};
/* End PBXProject section */

/* Begin PBXResourcesBuildPhase section */
		9303549D1B00BE40001B7EA2 /* Resources */ = {
			isa = PBXResourcesBuildPhase;
			buildActionMask = 2147483647;
			files = (
				930354AE1B00BE40001B7EA2 /* Main.storyboard in Resources */,
				930354B31B00BE40001B7EA2 /* LaunchScreen.xib in Resources */,
				930354B01B00BE40001B7EA2 /* Images.xcassets in Resources */,
			);
			runOnlyForDeploymentPostprocessing = 0;
		};
		930354B61B00BE40001B7EA2 /* Resources */ = {
			isa = PBXResourcesBuildPhase;
			buildActionMask = 2147483647;
			files = (
			);
			runOnlyForDeploymentPostprocessing = 0;
		};
/* End PBXResourcesBuildPhase section */

/* Begin PBXSourcesBuildPhase section */
		9303549B1B00BE40001B7EA2 /* Sources */ = {
			isa = PBXSourcesBuildPhase;
			buildActionMask = 2147483647;
			files = (
				930354AB1B00BE40001B7EA2 /* ViewController.m in Sources */,
				930354A81B00BE40001B7EA2 /* AppDelegate.m in Sources */,
				930354E41B00CEBD001B7EA2 /* Comment.m in Sources */,
				930354EA1B011670001B7EA2 /* ImageRepository.m in Sources */,
				930354DB1B00CA84001B7EA2 /* DataFactory.m in Sources */,
				0426CE501B034C0600B465B3 /* Empty.m in Sources */,
				930354D41B00C7A4001B7EA2 /* JSONReader.m in Sources */,
				930354A51B00BE40001B7EA2 /* main.m in Sources */,
				930354D81B00CA1F001B7EA2 /* Image.m in Sources */,
				930354E71B00D3BD001B7EA2 /* User.m in Sources */,
				0426CE4D1B03491000B465B3 /* ContainerViewController.m in Sources */,
				930354CD1B00C600001B7EA2 /* ImagesCollectionViewController.m in Sources */,
				930354E11B00CEAE001B7EA2 /* Caption.m in Sources */,
				930354CA1B00C5E6001B7EA2 /* ImagesTableViewController.m in Sources */,
			);
			runOnlyForDeploymentPostprocessing = 0;
		};
		930354B41B00BE40001B7EA2 /* Sources */ = {
			isa = PBXSourcesBuildPhase;
			buildActionMask = 2147483647;
			files = (
				930354BF1B00BE40001B7EA2 /* WhichitTests.m in Sources */,
			);
			runOnlyForDeploymentPostprocessing = 0;
		};
/* End PBXSourcesBuildPhase section */

/* Begin PBXTargetDependency section */
		930354BA1B00BE40001B7EA2 /* PBXTargetDependency */ = {
			isa = PBXTargetDependency;
			target = 9303549E1B00BE40001B7EA2 /* Whichit */;
			targetProxy = 930354B91B00BE40001B7EA2 /* PBXContainerItemProxy */;
		};
/* End PBXTargetDependency section */

/* Begin PBXVariantGroup section */
		930354AC1B00BE40001B7EA2 /* Main.storyboard */ = {
			isa = PBXVariantGroup;
			children = (
				930354AD1B00BE40001B7EA2 /* Base */,
			);
			name = Main.storyboard;
			sourceTree = "<group>";
		};
		930354B11B00BE40001B7EA2 /* LaunchScreen.xib */ = {
			isa = PBXVariantGroup;
			children = (
				930354B21B00BE40001B7EA2 /* Base */,
			);
			name = LaunchScreen.xib;
			sourceTree = "<group>";
		};
/* End PBXVariantGroup section */

/* Begin XCBuildConfiguration section */
		930354C01B00BE40001B7EA2 /* Debug */ = {
			isa = XCBuildConfiguration;
			buildSettings = {
				ALWAYS_SEARCH_USER_PATHS = NO;
				CLANG_CXX_LANGUAGE_STANDARD = "gnu++0x";
				CLANG_CXX_LIBRARY = "libc++";
				CLANG_ENABLE_MODULES = YES;
				CLANG_ENABLE_OBJC_ARC = YES;
				CLANG_WARN_BOOL_CONVERSION = YES;
				CLANG_WARN_CONSTANT_CONVERSION = YES;
				CLANG_WARN_DIRECT_OBJC_ISA_USAGE = YES_ERROR;
				CLANG_WARN_EMPTY_BODY = YES;
				CLANG_WARN_ENUM_CONVERSION = YES;
				CLANG_WARN_INT_CONVERSION = YES;
				CLANG_WARN_OBJC_ROOT_CLASS = YES_ERROR;
				CLANG_WARN_UNREACHABLE_CODE = YES;
				CLANG_WARN__DUPLICATE_METHOD_MATCH = YES;
				CODE_SIGN_IDENTITY = "";
				"CODE_SIGN_IDENTITY[sdk=iphoneos*]" = "";
				COPY_PHASE_STRIP = NO;
				DEBUG_INFORMATION_FORMAT = "dwarf-with-dsym";
				ENABLE_STRICT_OBJC_MSGSEND = YES;
				GCC_C_LANGUAGE_STANDARD = gnu99;
				GCC_DYNAMIC_NO_PIC = NO;
				GCC_NO_COMMON_BLOCKS = YES;
				GCC_OPTIMIZATION_LEVEL = 0;
				GCC_PREPROCESSOR_DEFINITIONS = (
					"DEBUG=1",
					"$(inherited)",
				);
				GCC_SYMBOLS_PRIVATE_EXTERN = NO;
				GCC_WARN_64_TO_32_BIT_CONVERSION = YES;
				GCC_WARN_ABOUT_RETURN_TYPE = YES_ERROR;
				GCC_WARN_UNDECLARED_SELECTOR = YES;
				GCC_WARN_UNINITIALIZED_AUTOS = YES_AGGRESSIVE;
				GCC_WARN_UNUSED_FUNCTION = YES;
				GCC_WARN_UNUSED_VARIABLE = YES;
				IPHONEOS_DEPLOYMENT_TARGET = 7.0;
				MTL_ENABLE_DEBUG_INFO = YES;
				ONLY_ACTIVE_ARCH = YES;
				SDKROOT = iphoneos;
				TARGETED_DEVICE_FAMILY = "1,2";
			};
			name = Debug;
		};
		930354C11B00BE40001B7EA2 /* Release */ = {
			isa = XCBuildConfiguration;
			buildSettings = {
				ALWAYS_SEARCH_USER_PATHS = NO;
				CLANG_CXX_LANGUAGE_STANDARD = "gnu++0x";
				CLANG_CXX_LIBRARY = "libc++";
				CLANG_ENABLE_MODULES = YES;
				CLANG_ENABLE_OBJC_ARC = YES;
				CLANG_WARN_BOOL_CONVERSION = YES;
				CLANG_WARN_CONSTANT_CONVERSION = YES;
				CLANG_WARN_DIRECT_OBJC_ISA_USAGE = YES_ERROR;
				CLANG_WARN_EMPTY_BODY = YES;
				CLANG_WARN_ENUM_CONVERSION = YES;
				CLANG_WARN_INT_CONVERSION = YES;
				CLANG_WARN_OBJC_ROOT_CLASS = YES_ERROR;
				CLANG_WARN_UNREACHABLE_CODE = YES;
				CLANG_WARN__DUPLICATE_METHOD_MATCH = YES;
				CODE_SIGN_IDENTITY = "";
				"CODE_SIGN_IDENTITY[sdk=iphoneos*]" = "";
				COPY_PHASE_STRIP = NO;
				DEBUG_INFORMATION_FORMAT = "dwarf-with-dsym";
				ENABLE_NS_ASSERTIONS = NO;
				ENABLE_STRICT_OBJC_MSGSEND = YES;
				GCC_C_LANGUAGE_STANDARD = gnu99;
				GCC_NO_COMMON_BLOCKS = YES;
				GCC_WARN_64_TO_32_BIT_CONVERSION = YES;
				GCC_WARN_ABOUT_RETURN_TYPE = YES_ERROR;
				GCC_WARN_UNDECLARED_SELECTOR = YES;
				GCC_WARN_UNINITIALIZED_AUTOS = YES_AGGRESSIVE;
				GCC_WARN_UNUSED_FUNCTION = YES;
				GCC_WARN_UNUSED_VARIABLE = YES;
				IPHONEOS_DEPLOYMENT_TARGET = 7.0;
				MTL_ENABLE_DEBUG_INFO = NO;
				SDKROOT = iphoneos;
				TARGETED_DEVICE_FAMILY = "1,2";
				VALIDATE_PRODUCT = YES;
			};
			name = Release;
		};
		930354C31B00BE40001B7EA2 /* Debug */ = {
			isa = XCBuildConfiguration;
			buildSettings = {
				ASSETCATALOG_COMPILER_APPICON_NAME = AppIcon;
				CODE_SIGN_IDENTITY = "";
				"CODE_SIGN_IDENTITY[sdk=iphoneos*]" = "";
				INFOPLIST_FILE = Whichit/Info.plist;
				LD_RUNPATH_SEARCH_PATHS = "$(inherited) @executable_path/Frameworks";
				PRODUCT_NAME = "$(TARGET_NAME)";
				PROVISIONING_PROFILE = "";
			};
			name = Debug;
		};
		930354C41B00BE40001B7EA2 /* Release */ = {
			isa = XCBuildConfiguration;
			buildSettings = {
				ASSETCATALOG_COMPILER_APPICON_NAME = AppIcon;
				CODE_SIGN_IDENTITY = "";
				"CODE_SIGN_IDENTITY[sdk=iphoneos*]" = "";
				INFOPLIST_FILE = Whichit/Info.plist;
				LD_RUNPATH_SEARCH_PATHS = "$(inherited) @executable_path/Frameworks";
				PRODUCT_NAME = "$(TARGET_NAME)";
				PROVISIONING_PROFILE = "";
			};
			name = Release;
		};
		930354C61B00BE40001B7EA2 /* Debug */ = {
			isa = XCBuildConfiguration;
			buildSettings = {
				BUNDLE_LOADER = "$(TEST_HOST)";
				FRAMEWORK_SEARCH_PATHS = (
					"$(SDKROOT)/Developer/Library/Frameworks",
					"$(inherited)",
				);
				GCC_PREPROCESSOR_DEFINITIONS = (
					"DEBUG=1",
					"$(inherited)",
				);
				INFOPLIST_FILE = WhichitTests/Info.plist;
				LD_RUNPATH_SEARCH_PATHS = "$(inherited) @executable_path/Frameworks @loader_path/Frameworks";
				PRODUCT_NAME = "$(TARGET_NAME)";
				TEST_HOST = "$(BUILT_PRODUCTS_DIR)/Whichit.app/Whichit";
			};
			name = Debug;
		};
		930354C71B00BE40001B7EA2 /* Release */ = {
			isa = XCBuildConfiguration;
			buildSettings = {
				BUNDLE_LOADER = "$(TEST_HOST)";
				FRAMEWORK_SEARCH_PATHS = (
					"$(SDKROOT)/Developer/Library/Frameworks",
					"$(inherited)",
				);
				INFOPLIST_FILE = WhichitTests/Info.plist;
				LD_RUNPATH_SEARCH_PATHS = "$(inherited) @executable_path/Frameworks @loader_path/Frameworks";
				PRODUCT_NAME = "$(TARGET_NAME)";
				TEST_HOST = "$(BUILT_PRODUCTS_DIR)/Whichit.app/Whichit";
			};
			name = Release;
		};
/* End XCBuildConfiguration section */

/* Begin XCConfigurationList section */
		9303549A1B00BE40001B7EA2 /* Build configuration list for PBXProject "Whichit" */ = {
			isa = XCConfigurationList;
			buildConfigurations = (
				930354C01B00BE40001B7EA2 /* Debug */,
				930354C11B00BE40001B7EA2 /* Release */,
			);
			defaultConfigurationIsVisible = 0;
			defaultConfigurationName = Release;
		};
		930354C21B00BE40001B7EA2 /* Build configuration list for PBXNativeTarget "Whichit" */ = {
			isa = XCConfigurationList;
			buildConfigurations = (
				930354C31B00BE40001B7EA2 /* Debug */,
				930354C41B00BE40001B7EA2 /* Release */,
			);
			defaultConfigurationIsVisible = 0;
			defaultConfigurationName = Release;
		};
		930354C51B00BE40001B7EA2 /* Build configuration list for PBXNativeTarget "WhichitTests" */ = {
			isa = XCConfigurationList;
			buildConfigurations = (
				930354C61B00BE40001B7EA2 /* Debug */,
				930354C71B00BE40001B7EA2 /* Release */,
			);
			defaultConfigurationIsVisible = 0;
			defaultConfigurationName = Release;
		};
/* End XCConfigurationList section */
	};
	rootObject = 930354971B00BE40001B7EA2 /* Project object */;
}
